
Microsoft Visual Studio Solution File, Format Version 12.00
Project("{2150E333-8FDC-42A3-9474-1A3956D46DE8}") = "src", "src", "{89C14066-10FB-4254-B65B-0949829C6BAC}"
EndProject
Project("{FAE04EC0-301F-11D3-BF4B-00C04F79EFBC}") = "Gateway", "Gateway\Gateway.csproj", "{D1103C6D-A7CF-4504-8CF0-0F0431D620D1}"
EndProject
Project("{FAE04EC0-301F-11D3-BF4B-00C04F79EFBC}") = "Identity.API", "Identity.API\Identity.API.csproj", "{F7CB1622-546C-442B-856D-F1150A76DED7}"
EndProject
Project("{FAE04EC0-301F-11D3-BF4B-00C04F79EFBC}") = "Doctors.API", "Doctors.API\Doctors.API.csproj", "{6AA4EBCC-5079-4CB2-9859-D15D8FF75DD9}"
EndProject
Project("{FAE04EC0-301F-11D3-BF4B-00C04F79EFBC}") = "Appointments.API", "Appointments.API\Appointments.API.csproj", "{E1F7ACE9-F1AE-4B17-B7DB-0C073F01FE34}"
EndProject
Project("{FAE04EC0-301F-11D3-BF4B-00C04F79EFBC}") = "Notifications.API", "Notifications.API\Notifications.API.csproj", "{513DF8F8-F5F8-47A5-8737-91D857A4EC2B}"
EndProject
Project("{FAE04EC0-301F-11D3-BF4B-00C04F79EFBC}") = "Shared.Contracts", "Shared.Contracts\Shared.Contracts.csproj", "{E49376D6-EBE5-4D0E-8615-7E8712EAA1B1}"
EndProject
Project("{2150E333-8FDC-42A3-9474-1A3956D46DE8}") = "Gateway", "Gateway", "{CC3B48A0-F6B8-4DE8-A8BC-D15E01E5B5B6}"
EndProject
Project("{2150E333-8FDC-42A3-9474-1A3956D46DE8}") = "Identity", "Identity", "{C1C205F5-4158-41B6-BA71-77C0CC23966C}"
EndProject
Project("{2150E333-8FDC-42A3-9474-1A3956D46DE8}") = "Doctors", "Doctors", "{B7F79CBF-0631-49B1-AD45-F287026581AD}"
EndProject
Project("{2150E333-8FDC-42A3-9474-1A3956D46DE8}") = "Notifications", "Notifications", "{06BEC5C3-213E-41C6-80A3-15B21A7CA288}"
EndProject
Project("{2150E333-8FDC-42A3-9474-1A3956D46DE8}") = "Appointments", "Appointments", "{49CCCC1A-D7A7-48CE-AA30-7490F90F6115}"
EndProject
Project("{2150E333-8FDC-42A3-9474-1A3956D46DE8}") = "Shared", "Shared", "{F89193E4-3079-41E8-9504-783E1D4AE601}"
EndProject
Project("{FAE04EC0-301F-11D3-BF4B-00C04F79EFBC}") = "Identity.Api.Tests", "Identity.Api.Tests\Identity.Api.Tests.csproj", "{68E97964-ACE6-4FCE-AD58-C7B3E2E9650F}"
EndProject
Project("{FAE04EC0-301F-11D3-BF4B-00C04F79EFBC}") = "Doctors.Api.Tests", "Doctors.Api.Tests\Doctors.Api.Tests.csproj", "{AF29834D-DFDF-458F-9C4C-0F37F5EEC5E4}"
EndProject
Project("{FAE04EC0-301F-11D3-BF4B-00C04F79EFBC}") = "Appointments.Api.Tests", "Appointments.Api.Tests\Appointments.Api.Tests.csproj", "{A719DAE9-E3A6-4CD6-84E2-8FB904359F5A}"
EndProject
Project("{2150E333-8FDC-42A3-9474-1A3956D46DE8}") = "Solution Items", "Solution Items", "{5CB985F1-F309-4687-A359-98967DB17002}"
	ProjectSection(SolutionItems) = preProject
		compose.yaml = compose.yaml
		.env = .env
	EndProjectSection
EndProject
Global
	GlobalSection(SolutionConfigurationPlatforms) = preSolution
		Debug|Any CPU = Debug|Any CPU
		Release|Any CPU = Release|Any CPU
	EndGlobalSection
	GlobalSection(NestedProjects) = preSolution
		{CC3B48A0-F6B8-4DE8-A8BC-D15E01E5B5B6} = {89C14066-10FB-4254-B65B-0949829C6BAC}
		{D1103C6D-A7CF-4504-8CF0-0F0431D620D1} = {CC3B48A0-F6B8-4DE8-A8BC-D15E01E5B5B6}
		{C1C205F5-4158-41B6-BA71-77C0CC23966C} = {89C14066-10FB-4254-B65B-0949829C6BAC}
		{F7CB1622-546C-442B-856D-F1150A76DED7} = {C1C205F5-4158-41B6-BA71-77C0CC23966C}
		{B7F79CBF-0631-49B1-AD45-F287026581AD} = {89C14066-10FB-4254-B65B-0949829C6BAC}
		{6AA4EBCC-5079-4CB2-9859-D15D8FF75DD9} = {B7F79CBF-0631-49B1-AD45-F287026581AD}
		{06BEC5C3-213E-41C6-80A3-15B21A7CA288} = {89C14066-10FB-4254-B65B-0949829C6BAC}
		{513DF8F8-F5F8-47A5-8737-91D857A4EC2B} = {06BEC5C3-213E-41C6-80A3-15B21A7CA288}
		{49CCCC1A-D7A7-48CE-AA30-7490F90F6115} = {89C14066-10FB-4254-B65B-0949829C6BAC}
		{E1F7ACE9-F1AE-4B17-B7DB-0C073F01FE34} = {49CCCC1A-D7A7-48CE-AA30-7490F90F6115}
		{F89193E4-3079-41E8-9504-783E1D4AE601} = {89C14066-10FB-4254-B65B-0949829C6BAC}
		{E49376D6-EBE5-4D0E-8615-7E8712EAA1B1} = {F89193E4-3079-41E8-9504-783E1D4AE601}
		{68E97964-ACE6-4FCE-AD58-C7B3E2E9650F} = {C1C205F5-4158-41B6-BA71-77C0CC23966C}
		{AF29834D-DFDF-458F-9C4C-0F37F5EEC5E4} = {B7F79CBF-0631-49B1-AD45-F287026581AD}
		{A719DAE9-E3A6-4CD6-84E2-8FB904359F5A} = {49CCCC1A-D7A7-48CE-AA30-7490F90F6115}
	EndGlobalSection
	GlobalSection(ProjectConfigurationPlatforms) = postSolution
		{D1103C6D-A7CF-4504-8CF0-0F0431D620D1}.Debug|Any CPU.ActiveCfg = Debug|Any CPU
		{D1103C6D-A7CF-4504-8CF0-0F0431D620D1}.Debug|Any CPU.Build.0 = Debug|Any CPU
		{D1103C6D-A7CF-4504-8CF0-0F0431D620D1}.Release|Any CPU.ActiveCfg = Release|Any CPU
		{D1103C6D-A7CF-4504-8CF0-0F0431D620D1}.Release|Any CPU.Build.0 = Release|Any CPU
		{F7CB1622-546C-442B-856D-F1150A76DED7}.Debug|Any CPU.ActiveCfg = Debug|Any CPU
		{F7CB1622-546C-442B-856D-F1150A76DED7}.Debug|Any CPU.Build.0 = Debug|Any CPU
		{F7CB1622-546C-442B-856D-F1150A76DED7}.Release|Any CPU.ActiveCfg = Release|Any CPU
		{F7CB1622-546C-442B-856D-F1150A76DED7}.Release|Any CPU.Build.0 = Release|Any CPU
		{6AA4EBCC-5079-4CB2-9859-D15D8FF75DD9}.Debug|Any CPU.ActiveCfg = Debug|Any CPU
		{6AA4EBCC-5079-4CB2-9859-D15D8FF75DD9}.Debug|Any CPU.Build.0 = Debug|Any CPU
		{6AA4EBCC-5079-4CB2-9859-D15D8FF75DD9}.Release|Any CPU.ActiveCfg = Release|Any CPU
		{6AA4EBCC-5079-4CB2-9859-D15D8FF75DD9}.Release|Any CPU.Build.0 = Release|Any CPU
		{E1F7ACE9-F1AE-4B17-B7DB-0C073F01FE34}.Debug|Any CPU.ActiveCfg = Debug|Any CPU
		{E1F7ACE9-F1AE-4B17-B7DB-0C073F01FE34}.Debug|Any CPU.Build.0 = Debug|Any CPU
		{E1F7ACE9-F1AE-4B17-B7DB-0C073F01FE34}.Release|Any CPU.ActiveCfg = Release|Any CPU
		{E1F7ACE9-F1AE-4B17-B7DB-0C073F01FE34}.Release|Any CPU.Build.0 = Release|Any CPU
		{513DF8F8-F5F8-47A5-8737-91D857A4EC2B}.Debug|Any CPU.ActiveCfg = Debug|Any CPU
		{513DF8F8-F5F8-47A5-8737-91D857A4EC2B}.Debug|Any CPU.Build.0 = Debug|Any CPU
		{513DF8F8-F5F8-47A5-8737-91D857A4EC2B}.Release|Any CPU.ActiveCfg = Release|Any CPU
		{513DF8F8-F5F8-47A5-8737-91D857A4EC2B}.Release|Any CPU.Build.0 = Release|Any CPU
		{E49376D6-EBE5-4D0E-8615-7E8712EAA1B1}.Debug|Any CPU.ActiveCfg = Debug|Any CPU
		{E49376D6-EBE5-4D0E-8615-7E8712EAA1B1}.Debug|Any CPU.Build.0 = Debug|Any CPU
		{E49376D6-EBE5-4D0E-8615-7E8712EAA1B1}.Release|Any CPU.ActiveCfg = Release|Any CPU
		{E49376D6-EBE5-4D0E-8615-7E8712EAA1B1}.Release|Any CPU.Build.0 = Release|Any CPU
		{68E97964-ACE6-4FCE-AD58-C7B3E2E9650F}.Debug|Any CPU.ActiveCfg = Debug|Any CPU
		{68E97964-ACE6-4FCE-AD58-C7B3E2E9650F}.Debug|Any CPU.Build.0 = Debug|Any CPU
		{68E97964-ACE6-4FCE-AD58-C7B3E2E9650F}.Release|Any CPU.ActiveCfg = Release|Any CPU
		{68E97964-ACE6-4FCE-AD58-C7B3E2E9650F}.Release|Any CPU.Build.0 = Release|Any CPU
		{AF29834D-DFDF-458F-9C4C-0F37F5EEC5E4}.Debug|Any CPU.ActiveCfg = Debug|Any CPU
		{AF29834D-DFDF-458F-9C4C-0F37F5EEC5E4}.Debug|Any CPU.Build.0 = Debug|Any CPU
		{AF29834D-DFDF-458F-9C4C-0F37F5EEC5E4}.Release|Any CPU.ActiveCfg = Release|Any CPU
		{AF29834D-DFDF-458F-9C4C-0F37F5EEC5E4}.Release|Any CPU.Build.0 = Release|Any CPU
		{A719DAE9-E3A6-4CD6-84E2-8FB904359F5A}.Debug|Any CPU.ActiveCfg = Debug|Any CPU
		{A719DAE9-E3A6-4CD6-84E2-8FB904359F5A}.Debug|Any CPU.Build.0 = Debug|Any CPU
		{A719DAE9-E3A6-4CD6-84E2-8FB904359F5A}.Release|Any CPU.ActiveCfg = Release|Any CPU
		{A719DAE9-E3A6-4CD6-84E2-8FB904359F5A}.Release|Any CPU.Build.0 = Release|Any CPU
	EndGlobalSection
EndGlobal
